
Microsoft Visual Studio Solution File, Format Version 12.00
# Visual Studio 15
VisualStudioVersion = 15.0.28010.2050
MinimumVisualStudioVersion = 10.0.40219.1
Project("{8BC9CEB8-8B4A-11D0-8D11-00A0C91BC942}") = "DoublyLinkedList", "DoublyLinkedList\DoublyLinkedList.vcxproj", "{F610D31A-14AE-4262-9675-6BC338844CDC}"
EndProject
Global
	GlobalSection(SolutionConfigurationPlatforms) = preSolution
		Debug|x64 = Debug|x64
		Debug|x86 = Debug|x86
		Release|x64 = Release|x64
		Release|x86 = Release|x86
	EndGlobalSection
	GlobalSection(ProjectConfigurationPlatforms) = postSolution
		{F610D31A-14AE-4262-9675-6BC338844CDC}.Debug|x64.ActiveCfg = Debug|x64
		{F610D31A-14AE-4262-9675-6BC338844CDC}.Debug|x64.Build.0 = Debug|x64
		{F610D31A-14AE-4262-9675-6BC338844CDC}.Debug|x86.ActiveCfg = Debug|Win32
		{F610D31A-14AE-4262-9675-6BC338844CDC}.Debug|x86.Build.0 = Debug|Win32
		{F610D31A-14AE-4262-9675-6BC338844CDC}.Release|x64.ActiveCfg = Release|x64
		{F610D31A-14AE-4262-9675-6BC338844CDC}.Release|x64.Build.0 = Release|x64
		{F610D31A-14AE-4262-9675-6BC338844CDC}.Release|x86.ActiveCfg = Release|Win32
		{F610D31A-14AE-4262-9675-6BC338844CDC}.Release|x86.Build.0 = Release|Win32
	EndGlobalSection
	GlobalSection(SolutionProperties) = preSolution
		HideSolutionNode = FALSE
	EndGlobalSection
	GlobalSection(ExtensibilityGlobals) = postSolution
		SolutionGuid = {59623EDF-0181-4D3B-B045-9D9F2E64FFA0}
	EndGlobalSection
EndGlobal
